
Microsoft Visual Studio Solution File, Format Version 12.00
# Visual Studio Version 17
VisualStudioVersion = 17.0.31903.59
MinimumVisualStudioVersion = 10.0.40219.1
Project("{2150E333-8FDC-42A3-9474-1A3956D46DE8}") = "BackEnd.Dominio", "BackEnd.Dominio", "{B126C5A4-FB9C-6554-C675-98FF20F017E6}"
EndProject
Project("{FAE04EC0-301F-11D3-BF4B-00C04F79EFBC}") = "Backend.Dominio", "BackEnd.Dominio\Backend.Dominio.csproj", "{B069AD1A-5A56-4205-9066-8D3B4C0B0796}"
EndProject
Project("{2150E333-8FDC-42A3-9474-1A3956D46DE8}") = "BackEnd.Repositories", "BackEnd.Repositories", "{A8D9D6F9-DBFD-FC53-4084-36B12A7B11C6}"
EndProject
Project("{FAE04EC0-301F-11D3-BF4B-00C04F79EFBC}") = "Backend.Repositories", "BackEnd.Repositories\Backend.Repositories.csproj", "{E623453F-0FE1-4158-8FE6-4EB1E09DA41B}"
EndProject
Project("{FAE04EC0-301F-11D3-BF4B-00C04F79EFBC}") = "BackEnd.Application", "BackEnd.Application\BackEnd.Application.csproj", "{898BF92B-2CFD-4AC2-90B0-4B3630FE56E9}"
EndProject
Project("{FAE04EC0-301F-11D3-BF4B-00C04F79EFBC}") = "BackEnd.API", "BackEnd.API\BackEnd.API.csproj", "{3CDAE803-854B-4DB3-BFB5-C1A4F55572EE}"
EndProject
Global
	GlobalSection(SolutionConfigurationPlatforms) = preSolution
		Debug|Any CPU = Debug|Any CPU
		Debug|x64 = Debug|x64
		Debug|x86 = Debug|x86
		Release|Any CPU = Release|Any CPU
		Release|x64 = Release|x64
		Release|x86 = Release|x86
	EndGlobalSection
	GlobalSection(ProjectConfigurationPlatforms) = postSolution
		{B069AD1A-5A56-4205-9066-8D3B4C0B0796}.Debug|Any CPU.ActiveCfg = Debug|Any CPU
		{B069AD1A-5A56-4205-9066-8D3B4C0B0796}.Debug|Any CPU.Build.0 = Debug|Any CPU
		{B069AD1A-5A56-4205-9066-8D3B4C0B0796}.Debug|x64.ActiveCfg = Debug|Any CPU
		{B069AD1A-5A56-4205-9066-8D3B4C0B0796}.Debug|x64.Build.0 = Debug|Any CPU
		{B069AD1A-5A56-4205-9066-8D3B4C0B0796}.Debug|x86.ActiveCfg = Debug|Any CPU
		{B069AD1A-5A56-4205-9066-8D3B4C0B0796}.Debug|x86.Build.0 = Debug|Any CPU
		{B069AD1A-5A56-4205-9066-8D3B4C0B0796}.Release|Any CPU.ActiveCfg = Release|Any CPU
		{B069AD1A-5A56-4205-9066-8D3B4C0B0796}.Release|Any CPU.Build.0 = Release|Any CPU
		{B069AD1A-5A56-4205-9066-8D3B4C0B0796}.Release|x64.ActiveCfg = Release|Any CPU
		{B069AD1A-5A56-4205-9066-8D3B4C0B0796}.Release|x64.Build.0 = Release|Any CPU
		{B069AD1A-5A56-4205-9066-8D3B4C0B0796}.Release|x86.ActiveCfg = Release|Any CPU
		{B069AD1A-5A56-4205-9066-8D3B4C0B0796}.Release|x86.Build.0 = Release|Any CPU
		{E623453F-0FE1-4158-8FE6-4EB1E09DA41B}.Debug|Any CPU.ActiveCfg = Debug|Any CPU
		{E623453F-0FE1-4158-8FE6-4EB1E09DA41B}.Debug|Any CPU.Build.0 = Debug|Any CPU
		{E623453F-0FE1-4158-8FE6-4EB1E09DA41B}.Debug|x64.ActiveCfg = Debug|Any CPU
		{E623453F-0FE1-4158-8FE6-4EB1E09DA41B}.Debug|x64.Build.0 = Debug|Any CPU
		{E623453F-0FE1-4158-8FE6-4EB1E09DA41B}.Debug|x86.ActiveCfg = Debug|Any CPU
		{E623453F-0FE1-4158-8FE6-4EB1E09DA41B}.Debug|x86.Build.0 = Debug|Any CPU
		{E623453F-0FE1-4158-8FE6-4EB1E09DA41B}.Release|Any CPU.ActiveCfg = Release|Any CPU
		{E623453F-0FE1-4158-8FE6-4EB1E09DA41B}.Release|Any CPU.Build.0 = Release|Any CPU
		{E623453F-0FE1-4158-8FE6-4EB1E09DA41B}.Release|x64.ActiveCfg = Release|Any CPU
		{E623453F-0FE1-4158-8FE6-4EB1E09DA41B}.Release|x64.Build.0 = Release|Any CPU
		{E623453F-0FE1-4158-8FE6-4EB1E09DA41B}.Release|x86.ActiveCfg = Release|Any CPU
		{E623453F-0FE1-4158-8FE6-4EB1E09DA41B}.Release|x86.Build.0 = Release|Any CPU
		{898BF92B-2CFD-4AC2-90B0-4B3630FE56E9}.Debug|Any CPU.ActiveCfg = Debug|Any CPU
		{898BF92B-2CFD-4AC2-90B0-4B3630FE56E9}.Debug|Any CPU.Build.0 = Debug|Any CPU
		{898BF92B-2CFD-4AC2-90B0-4B3630FE56E9}.Debug|x64.ActiveCfg = Debug|Any CPU
		{898BF92B-2CFD-4AC2-90B0-4B3630FE56E9}.Debug|x64.Build.0 = Debug|Any CPU
		{898BF92B-2CFD-4AC2-90B0-4B3630FE56E9}.Debug|x86.ActiveCfg = Debug|Any CPU
		{898BF92B-2CFD-4AC2-90B0-4B3630FE56E9}.Debug|x86.Build.0 = Debug|Any CPU
		{898BF92B-2CFD-4AC2-90B0-4B3630FE56E9}.Release|Any CPU.ActiveCfg = Release|Any CPU
		{898BF92B-2CFD-4AC2-90B0-4B3630FE56E9}.Release|Any CPU.Build.0 = Release|Any CPU
		{898BF92B-2CFD-4AC2-90B0-4B3630FE56E9}.Release|x64.ActiveCfg = Release|Any CPU
		{898BF92B-2CFD-4AC2-90B0-4B3630FE56E9}.Release|x64.Build.0 = Release|Any CPU
		{898BF92B-2CFD-4AC2-90B0-4B3630FE56E9}.Release|x86.ActiveCfg = Release|Any CPU
		{898BF92B-2CFD-4AC2-90B0-4B3630FE56E9}.Release|x86.Build.0 = Release|Any CPU
		{3CDAE803-854B-4DB3-BFB5-C1A4F55572EE}.Debug|Any CPU.ActiveCfg = Debug|Any CPU
		{3CDAE803-854B-4DB3-BFB5-C1A4F55572EE}.Debug|Any CPU.Build.0 = Debug|Any CPU
		{3CDAE803-854B-4DB3-BFB5-C1A4F55572EE}.Debug|x64.ActiveCfg = Debug|Any CPU
		{3CDAE803-854B-4DB3-BFB5-C1A4F55572EE}.Debug|x64.Build.0 = Debug|Any CPU
		{3CDAE803-854B-4DB3-BFB5-C1A4F55572EE}.Debug|x86.ActiveCfg = Debug|Any CPU
		{3CDAE803-854B-4DB3-BFB5-C1A4F55572EE}.Debug|x86.Build.0 = Debug|Any CPU
		{3CDAE803-854B-4DB3-BFB5-C1A4F55572EE}.Release|Any CPU.ActiveCfg = Release|Any CPU
		{3CDAE803-854B-4DB3-BFB5-C1A4F55572EE}.Release|Any CPU.Build.0 = Release|Any CPU
		{3CDAE803-854B-4DB3-BFB5-C1A4F55572EE}.Release|x64.ActiveCfg = Release|Any CPU
		{3CDAE803-854B-4DB3-BFB5-C1A4F55572EE}.Release|x64.Build.0 = Release|Any CPU
		{3CDAE803-854B-4DB3-BFB5-C1A4F55572EE}.Release|x86.ActiveCfg = Release|Any CPU
		{3CDAE803-854B-4DB3-BFB5-C1A4F55572EE}.Release|x86.Build.0 = Release|Any CPU
	EndGlobalSection
	GlobalSection(SolutionProperties) = preSolution
		HideSolutionNode = FALSE
	EndGlobalSection
	GlobalSection(NestedProjects) = preSolution
		{B069AD1A-5A56-4205-9066-8D3B4C0B0796} = {B126C5A4-FB9C-6554-C675-98FF20F017E6}
		{E623453F-0FE1-4158-8FE6-4EB1E09DA41B} = {A8D9D6F9-DBFD-FC53-4084-36B12A7B11C6}
	EndGlobalSection
EndGlobal
